# DO NOT EDIT MANUALLY - Managed by Fern Replay
version: "1.0"
generations:
  - commit_sha: 52cefa7e824407f8158c9215ead704a3127e2094
    tree_hash: b5a5a834e2bcb50424e31a77be0e4df4835cf32d
    timestamp: 2026-08-16T18:23:38.617Z
    cli_version: unknown
    generator_versions: {}
current_generation: 52cefa7e824407f8158c9215ead704a3127e2094
patches: []
